
Microsoft Visual Studio Solution File, Format Version 12.00
# Visual Studio Version 17
VisualStudioVersion = 17.6.33829.357
MinimumVisualStudioVersion = 10.0.40219.1
Project("{9A19103F-16F7-4668-BE54-9A1E7A4F7556}") = "AntLib", "AntLib\AntLib.csproj", "{D9FA1A13-248B-4A60-BC8A-21ACBD9F952E}"
EndProject
Project("{9A19103F-16F7-4668-BE54-9A1E7A4F7556}") = "AntLibConsole", "AntLibConsole\AntLibConsole.csproj", "{B97B7658-3876-4404-B824-29CBBC6606CD}"
	ProjectSection(ProjectDependencies) = postProject
		{D9FA1A13-248B-4A60-BC8A-21ACBD9F952E} = {D9FA1A13-248B-4A60-BC8A-21ACBD9F952E}
	EndProjectSection
EndProject
Project("{9A19103F-16F7-4668-BE54-9A1E7A4F7556}") = "AntLibDemo", "AntLibDemo\AntLibDemo.csproj", "{2882ACF8-E400-44B9-AA04-7E773C26C2AF}"
EndProject
Project("{FAE04EC0-301F-11D3-BF4B-00C04F79EFBC}") = "AntLibServerDemo", "AntLibServerDemo\AntLibServerDemo.csproj", "{60417D73-30AC-4B2A-BB3B-9E92C2431F36}"
EndProject
Project("{FAE04EC0-301F-11D3-BF4B-00C04F79EFBC}") = "AntLibClientDemo", "AntLibClientDemo\AntLibClientDemo.csproj", "{C02ABC87-8041-43EA-A7CF-5F172C72B317}"
EndProject
Global
	GlobalSection(SolutionConfigurationPlatforms) = preSolution
		Debug|Any CPU = Debug|Any CPU
		Release|Any CPU = Release|Any CPU
	EndGlobalSection
	GlobalSection(ProjectConfigurationPlatforms) = postSolution
		{D9FA1A13-248B-4A60-BC8A-21ACBD9F952E}.Debug|Any CPU.ActiveCfg = Debug|Any CPU
		{D9FA1A13-248B-4A60-BC8A-21ACBD9F952E}.Debug|Any CPU.Build.0 = Debug|Any CPU
		{D9FA1A13-248B-4A60-BC8A-21ACBD9F952E}.Release|Any CPU.ActiveCfg = Release|Any CPU
		{D9FA1A13-248B-4A60-BC8A-21ACBD9F952E}.Release|Any CPU.Build.0 = Release|Any CPU
		{B97B7658-3876-4404-B824-29CBBC6606CD}.Debug|Any CPU.ActiveCfg = Debug|Any CPU
		{B97B7658-3876-4404-B824-29CBBC6606CD}.Debug|Any CPU.Build.0 = Debug|Any CPU
		{B97B7658-3876-4404-B824-29CBBC6606CD}.Release|Any CPU.ActiveCfg = Release|Any CPU
		{B97B7658-3876-4404-B824-29CBBC6606CD}.Release|Any CPU.Build.0 = Release|Any CPU
		{2882ACF8-E400-44B9-AA04-7E773C26C2AF}.Debug|Any CPU.ActiveCfg = Debug|Any CPU
		{2882ACF8-E400-44B9-AA04-7E773C26C2AF}.Debug|Any CPU.Build.0 = Debug|Any CPU
		{2882ACF8-E400-44B9-AA04-7E773C26C2AF}.Release|Any CPU.ActiveCfg = Release|Any CPU
		{2882ACF8-E400-44B9-AA04-7E773C26C2AF}.Release|Any CPU.Build.0 = Release|Any CPU
		{60417D73-30AC-4B2A-BB3B-9E92C2431F36}.Debug|Any CPU.ActiveCfg = Debug|Any CPU
		{60417D73-30AC-4B2A-BB3B-9E92C2431F36}.Debug|Any CPU.Build.0 = Debug|Any CPU
		{60417D73-30AC-4B2A-BB3B-9E92C2431F36}.Release|Any CPU.ActiveCfg = Release|Any CPU
		{60417D73-30AC-4B2A-BB3B-9E92C2431F36}.Release|Any CPU.Build.0 = Release|Any CPU
		{C02ABC87-8041-43EA-A7CF-5F172C72B317}.Debug|Any CPU.ActiveCfg = Debug|Any CPU
		{C02ABC87-8041-43EA-A7CF-5F172C72B317}.Debug|Any CPU.Build.0 = Debug|Any CPU
		{C02ABC87-8041-43EA-A7CF-5F172C72B317}.Release|Any CPU.ActiveCfg = Release|Any CPU
		{C02ABC87-8041-43EA-A7CF-5F172C72B317}.Release|Any CPU.Build.0 = Release|Any CPU
	EndGlobalSection
	GlobalSection(SolutionProperties) = preSolution
		HideSolutionNode = FALSE
	EndGlobalSection
	GlobalSection(ExtensibilityGlobals) = postSolution
		SolutionGuid = {4C14A611-FD8D-4896-9869-E6FEF51C7A01}
	EndGlobalSection
EndGlobal
